<?xml version="1.0" encoding="utf-8"?>
<Project ToolsVersion="4.0" xmlns="http://schemas.microsoft.com/developer/msbuild/2003">
  <ItemGroup>
    <Filter Include="Source Files">
      <UniqueIdentifier>{4FC737F1-C7A5-4376-A066-2A32D752A2FF}</UniqueIdentifier>
      <Extensions>cpp;c;cc;cxx;def;odl;idl;hpj;bat;asm;asmx</Extensions>
    </Filter>
    <Filter Include="Header Files">
      <UniqueIdentifier>{93995380-89BD-4b04-88EB-625FBE52EBFB}</UniqueIdentifier>
      <Extensions>h;hh;hpp;hxx;hm;inl;inc;xsd</Extensions>
    </Filter>
    <Filter Include="Resource Files">
      <UniqueIdentifier>{67DA6AB6-F800-4c08-8B7A-83BB121AAD01}</UniqueIdentifier>
      <Extensions>rc;ico;cur;bmp;dlg;rc2;rct;bin;rgs;gif;jpg;jpeg;jpe;resx;tiff;tif;png;wav;mfcribbon-ms</Extensions>
    </Filter>
    <Filter Include="Header Files\devkit">
      <UniqueIdentifier>{51a71eee-4984-4bf6-bce1-5ca96767b315}</UniqueIdentifier>
    </Filter>
    <Filter Include="Source Files\devkit">
      <UniqueIdentifier>{4e80b205-f605-4774-8dd3-de0555a711ab}</UniqueIdentifier>
    </Filter>
    <Filter Include="Header Files\Intros">
      <UniqueIdentifier>{9d3b3203-044c-4ebf-8c91-ad2f0ab3b10b}</UniqueIdentifier>
    </Filter>
    <Filter Include="Header Files\General">
      <UniqueIdentifier>{da24e3c9-579b-4617-96f4-86215953d47d}</UniqueIdentifier>
    </Filter>
    <Filter Include="Header Files\banks">
      <UniqueIdentifier>{cd35fa49-36af-4506-89a2-1f6607628158}</UniqueIdentifier>
    </Filter>
    <Filter Include="Source Files\banks">
      <UniqueIdentifier>{f77f968a-b2de-4ea3-96b5-0203a57775a3}</UniqueIdentifier>
    </Filter>
    <Filter Include="Header Files\Players">
      <UniqueIdentifier>{4e8b57b3-c217-437d-818f-8d63410ec183}</UniqueIdentifier>
    </Filter>
    <Filter Include="Header Files\Enemies">
      <UniqueIdentifier>{49d91109-52fa-4af7-9a30-6fd05d5cf834}</UniqueIdentifier>
    </Filter>
    <Filter Include="Header Files\Stages">
      <UniqueIdentifier>{d216f103-5c86-45dd-83ee-d76ac4c02ea2}</UniqueIdentifier>
    </Filter>
    <Filter Include="Header Files\Fortresses">
      <UniqueIdentifier>{4d150e87-556c-4df3-85fe-968f6b62e087}</UniqueIdentifier>
    </Filter>
    <Filter Include="Header Files\Monsters">
      <UniqueIdentifier>{9a783f66-9653-4508-8a40-5f0f1081c222}</UniqueIdentifier>
    </Filter>
    <Filter Include="Header Files\Spaces">
      <UniqueIdentifier>{bb570aeb-dc20-4894-852e-05c90b7bf03a}</UniqueIdentifier>
    </Filter>
    <Filter Include="Header Files\Vulcans">
      <UniqueIdentifier>{4579dad3-35d0-4d7d-826a-2a2c27eea163}</UniqueIdentifier>
    </Filter>
    <Filter Include="Header Files\Wars">
      <UniqueIdentifier>{6d1a199a-94e8-485f-aef5-47cd05d2b59d}</UniqueIdentifier>
    </Filter>
    <Filter Include="Source Files\Vulcans">
      <UniqueIdentifier>{3f8efdf5-5326-4f48-a9db-4fc85ccbdb46}</UniqueIdentifier>
    </Filter>
    <Filter Include="Source Files\Wars">
      <UniqueIdentifier>{a59e240a-30a9-4cb9-8c47-84c43ea995bd}</UniqueIdentifier>
    </Filter>
    <Filter Include="Source Files\Stages">
      <UniqueIdentifier>{c6b1465d-5c93-4f54-b023-52705e04e514}</UniqueIdentifier>
    </Filter>
    <Filter Include="Source Files\Players">
      <UniqueIdentifier>{df950287-0e31-4950-b5ec-8073f34378a7}</UniqueIdentifier>
    </Filter>
    <Filter Include="Source Files\Enemies">
      <UniqueIdentifier>{7bd8b1dc-be53-464b-8092-87b57a548681}</UniqueIdentifier>
    </Filter>
    <Filter Include="Source Files\Fortresses">
      <UniqueIdentifier>{5a7c9947-53d8-4c74-8b0e-cd53fd42420e}</UniqueIdentifier>
    </Filter>
    <Filter Include="Source Files\General">
      <UniqueIdentifier>{412e229a-9cf7-4cd7-85b6-96829abde088}</UniqueIdentifier>
    </Filter>
    <Filter Include="Source Files\Monsters">
      <UniqueIdentifier>{bf380cb9-7eed-4893-afb7-a83cdd4a268e}</UniqueIdentifier>
    </Filter>
    <Filter Include="Source Files\Intros">
      <UniqueIdentifier>{cafe0eff-3ad1-4264-85d4-4a9021bab509}</UniqueIdentifier>
    </Filter>
    <Filter Include="Source Files\Spaces">
      <UniqueIdentifier>{8f085376-5a7c-413b-962f-c5be0d1059c2}</UniqueIdentifier>
    </Filter>
    <Filter Include="Header Files\common">
      <UniqueIdentifier>{87d33f64-9f2b-40ed-a9c4-0fc7780ca417}</UniqueIdentifier>
    </Filter>
    <Filter Include="Source Files\common">
      <UniqueIdentifier>{26aed8f5-1b89-4da4-a110-b126deee07ad}</UniqueIdentifier>
    </Filter>
  </ItemGroup>
  <ItemGroup>
    <ClCompile Include="main.c">
      <Filter>Source Files</Filter>
    </ClCompile>
    <ClCompile Include="devkit\_snd_manager.c">
      <Filter>Source Files\devkit</Filter>
    </ClCompile>
    <ClCompile Include="devkit\_sms_manager.c">
      <Filter>Source Files\devkit</Filter>
    </ClCompile>
    <ClCompile Include="banks\fixedbank.c">
      <Filter>Source Files\banks</Filter>
    </ClCompile>
    <ClCompile Include="banks\bank2.c">
      <Filter>Source Files\banks</Filter>
    </ClCompile>
    <ClCompile Include="banks\bank3.c">
      <Filter>Source Files\banks</Filter>
    </ClCompile>
    <ClCompile Include="banks\bank4.c">
      <Filter>Source Files\banks</Filter>
    </ClCompile>
    <ClCompile Include="banks\bank5.c">
      <Filter>Source Files\banks</Filter>
    </ClCompile>
    <ClCompile Include="banks\bank6.c">
      <Filter>Source Files\banks</Filter>
    </ClCompile>
    <ClCompile Include="banks\bank7.c">
      <Filter>Source Files\banks</Filter>
    </ClCompile>
    <ClCompile Include="banks\bank8.c">
      <Filter>Source Files\banks</Filter>
    </ClCompile>
    <ClCompile Include="banks\bank9.c">
      <Filter>Source Files\banks</Filter>
    </ClCompile>
    <ClCompile Include="banks\bank10.c">
      <Filter>Source Files\banks</Filter>
    </ClCompile>
    <ClCompile Include="banks\bank11.c">
      <Filter>Source Files\banks</Filter>
    </ClCompile>
    <ClCompile Include="banks\bank12.c">
      <Filter>Source Files\banks</Filter>
    </ClCompile>
    <ClCompile Include="banks\bank13.c">
      <Filter>Source Files\banks</Filter>
    </ClCompile>
    <ClCompile Include="banks\bank14.c">
      <Filter>Source Files\banks</Filter>
    </ClCompile>
    <ClCompile Include="banks\bank15.c">
      <Filter>Source Files\banks</Filter>
    </ClCompile>
    <ClCompile Include="General\mikgamesstage.c">
      <Filter>Source Files\General</Filter>
    </ClCompile>
    <ClCompile Include="Intros\introstage.c">
      <Filter>Source Files\Intros</Filter>
    </ClCompile>
    <ClCompile Include="Enemies\enemy.c">
      <Filter>Source Files\Enemies</Filter>
    </ClCompile>
    <ClCompile Include="Enemies\enemyshoot.c">
      <Filter>Source Files\Enemies</Filter>
    </ClCompile>
    <ClCompile Include="Fortresses\fortresscannon.c">
      <Filter>Source Files\Fortresses</Filter>
    </ClCompile>
    <ClCompile Include="Fortresses\fortressdoor.c">
      <Filter>Source Files\Fortresses</Filter>
    </ClCompile>
    <ClCompile Include="Fortresses\fortressphantom.c">
      <Filter>Source Files\Fortresses</Filter>
    </ClCompile>
    <ClCompile Include="Fortresses\fortresssearcher.c">
      <Filter>Source Files\Fortresses</Filter>
    </ClCompile>
    <ClCompile Include="Fortresses\fortresswave.c">
      <Filter>Source Files\Fortresses</Filter>
    </ClCompile>
    <ClCompile Include="General\barrom.c">
      <Filter>Source Files\General</Filter>
    </ClCompile>
    <ClCompile Include="General\bombship.c">
      <Filter>Source Files\General</Filter>
    </ClCompile>
    <ClCompile Include="General\explosion.c">
      <Filter>Source Files\General</Filter>
    </ClCompile>
    <ClCompile Include="General\finishstage.c">
      <Filter>Source Files\General</Filter>
    </ClCompile>
    <ClCompile Include="General\gameoverstage.c">
      <Filter>Source Files\General</Filter>
    </ClCompile>
    <ClCompile Include="General\jukeboxstage.c">
      <Filter>Source Files\General</Filter>
    </ClCompile>
    <ClCompile Include="General\logostage.c">
      <Filter>Source Files\General</Filter>
    </ClCompile>
    <ClCompile Include="General\map.c">
      <Filter>Source Files\General</Filter>
    </ClCompile>
    <ClCompile Include="General\powerup.c">
      <Filter>Source Files\General</Filter>
    </ClCompile>
    <ClCompile Include="General\rectship.c">
      <Filter>Source Files\General</Filter>
    </ClCompile>
    <ClCompile Include="General\rsgthing.c">
      <Filter>Source Files\General</Filter>
    </ClCompile>
    <ClCompile Include="General\scripter.c">
      <Filter>Source Files\General</Filter>
    </ClCompile>
    <ClCompile Include="General\scroller.c">
      <Filter>Source Files\General</Filter>
    </ClCompile>
    <ClCompile Include="General\selectorstage.c">
      <Filter>Source Files\General</Filter>
    </ClCompile>
    <ClCompile Include="General\skullbone.c">
      <Filter>Source Files\General</Filter>
    </ClCompile>
    <ClCompile Include="General\spreadship.c">
      <Filter>Source Files\General</Filter>
    </ClCompile>
    <ClCompile Include="General\timeredlabel.c">
      <Filter>Source Files\General</Filter>
    </ClCompile>
    <ClCompile Include="General\turnship.c">
      <Filter>Source Files\General</Filter>
    </ClCompile>
    <ClCompile Include="General\warning.c">
      <Filter>Source Files\General</Filter>
    </ClCompile>
    <ClCompile Include="General\waveship.c">
      <Filter>Source Files\General</Filter>
    </ClCompile>
    <ClCompile Include="Intros\intro1stage.c">
      <Filter>Source Files\Intros</Filter>
    </ClCompile>
    <ClCompile Include="Intros\intro2stage.c">
      <Filter>Source Files\Intros</Filter>
    </ClCompile>
    <ClCompile Include="Intros\intro3object.c">
      <Filter>Source Files\Intros</Filter>
    </ClCompile>
    <ClCompile Include="Intros\intro3stage.c">
      <Filter>Source Files\Intros</Filter>
    </ClCompile>
    <ClCompile Include="Intros\intro4stage.c">
      <Filter>Source Files\Intros</Filter>
    </ClCompile>
    <ClCompile Include="Intros\introovni.c">
      <Filter>Source Files\Intros</Filter>
    </ClCompile>
    <ClCompile Include="Intros\introsideplayer.c">
      <Filter>Source Files\Intros</Filter>
    </ClCompile>
    <ClCompile Include="Intros\introstar.c">
      <Filter>Source Files\Intros</Filter>
    </ClCompile>
    <ClCompile Include="Monsters\monsterblob.c">
      <Filter>Source Files\Monsters</Filter>
    </ClCompile>
    <ClCompile Include="Monsters\monsterhead.c">
      <Filter>Source Files\Monsters</Filter>
    </ClCompile>
    <ClCompile Include="Monsters\monstermissil.c">
      <Filter>Source Files\Monsters</Filter>
    </ClCompile>
    <ClCompile Include="Players\player.c">
      <Filter>Source Files\Players</Filter>
    </ClCompile>
    <ClCompile Include="Players\playershoot.c">
      <Filter>Source Files\Players</Filter>
    </ClCompile>
    <ClCompile Include="Players\playstage.c">
      <Filter>Source Files\Players</Filter>
    </ClCompile>
    <ClCompile Include="Spaces\spaceasteroid.c">
      <Filter>Source Files\Spaces</Filter>
    </ClCompile>
    <ClCompile Include="Spaces\spaceshooter.c">
      <Filter>Source Files\Spaces</Filter>
    </ClCompile>
    <ClCompile Include="Spaces\spacestation.c">
      <Filter>Source Files\Spaces</Filter>
    </ClCompile>
    <ClCompile Include="Stages\stage1.c">
      <Filter>Source Files\Stages</Filter>
    </ClCompile>
    <ClCompile Include="Stages\stage1endboss.c">
      <Filter>Source Files\Stages</Filter>
    </ClCompile>
    <ClCompile Include="Stages\stage1middleboss.c">
      <Filter>Source Files\Stages</Filter>
    </ClCompile>
    <ClCompile Include="Stages\stage1middlebossb.c">
      <Filter>Source Files\Stages</Filter>
    </ClCompile>
    <ClCompile Include="Stages\stage1middlebossc.c">
      <Filter>Source Files\Stages</Filter>
    </ClCompile>
    <ClCompile Include="Stages\stage2.c">
      <Filter>Source Files\Stages</Filter>
    </ClCompile>
    <ClCompile Include="Stages\stage2endboss.c">
      <Filter>Source Files\Stages</Filter>
    </ClCompile>
    <ClCompile Include="Stages\stage2object.c">
      <Filter>Source Files\Stages</Filter>
    </ClCompile>
    <ClCompile Include="Stages\stage3.c">
      <Filter>Source Files\Stages</Filter>
    </ClCompile>
    <ClCompile Include="Stages\stage3endboss.c">
      <Filter>Source Files\Stages</Filter>
    </ClCompile>
    <ClCompile Include="Stages\stage3laser.c">
      <Filter>Source Files\Stages</Filter>
    </ClCompile>
    <ClCompile Include="Stages\stage3star.c">
      <Filter>Source Files\Stages</Filter>
    </ClCompile>
    <ClCompile Include="Stages\stage4.c">
      <Filter>Source Files\Stages</Filter>
    </ClCompile>
    <ClCompile Include="Stages\stage4endboss.c">
      <Filter>Source Files\Stages</Filter>
    </ClCompile>
    <ClCompile Include="Stages\stage4endbossb.c">
      <Filter>Source Files\Stages</Filter>
    </ClCompile>
    <ClCompile Include="Stages\stage4middleboss.c">
      <Filter>Source Files\Stages</Filter>
    </ClCompile>
    <ClCompile Include="Stages\stage4object.c">
      <Filter>Source Files\Stages</Filter>
    </ClCompile>
    <ClCompile Include="Stages\stage5.c">
      <Filter>Source Files\Stages</Filter>
    </ClCompile>
    <ClCompile Include="Stages\stage5endboss.c">
      <Filter>Source Files\Stages</Filter>
    </ClCompile>
    <ClCompile Include="Stages\stage5missile.c">
      <Filter>Source Files\Stages</Filter>
    </ClCompile>
    <ClCompile Include="Stages\stage6.c">
      <Filter>Source Files\Stages</Filter>
    </ClCompile>
    <ClCompile Include="Stages\stage6endboss.c">
      <Filter>Source Files\Stages</Filter>
    </ClCompile>
    <ClCompile Include="Stages\stage6endbossb.c">
      <Filter>Source Files\Stages</Filter>
    </ClCompile>
    <ClCompile Include="Stages\stage6object.c">
      <Filter>Source Files\Stages</Filter>
    </ClCompile>
    <ClCompile Include="Stages\stage7.c">
      <Filter>Source Files\Stages</Filter>
    </ClCompile>
    <ClCompile Include="Stages\stage7endboss.c">
      <Filter>Source Files\Stages</Filter>
    </ClCompile>
    <ClCompile Include="Stages\stage7middleboss.c">
      <Filter>Source Files\Stages</Filter>
    </ClCompile>
    <ClCompile Include="Stages\stage7object.c">
      <Filter>Source Files\Stages</Filter>
    </ClCompile>
    <ClCompile Include="Stages\stage8.c">
      <Filter>Source Files\Stages</Filter>
    </ClCompile>
    <ClCompile Include="Stages\stage8bossa.c">
      <Filter>Source Files\Stages</Filter>
    </ClCompile>
    <ClCompile Include="Stages\stage8bossb.c">
      <Filter>Source Files\Stages</Filter>
    </ClCompile>
    <ClCompile Include="Stages\stage8bossc.c">
      <Filter>Source Files\Stages</Filter>
    </ClCompile>
    <ClCompile Include="Stages\stage8lateral.c">
      <Filter>Source Files\Stages</Filter>
    </ClCompile>
    <ClCompile Include="Vulcans\vulcanbird.c">
      <Filter>Source Files\Vulcans</Filter>
    </ClCompile>
    <ClCompile Include="Vulcans\vulcanlaser.c">
      <Filter>Source Files\Vulcans</Filter>
    </ClCompile>
    <ClCompile Include="Vulcans\vulcanlava.c">
      <Filter>Source Files\Vulcans</Filter>
    </ClCompile>
    <ClCompile Include="Vulcans\vulcanstation.c">
      <Filter>Source Files\Vulcans</Filter>
    </ClCompile>
    <ClCompile Include="Vulcans\vulcantank.c">
      <Filter>Source Files\Vulcans</Filter>
    </ClCompile>
    <ClCompile Include="Vulcans\vulcanvulcan.c">
      <Filter>Source Files\Vulcans</Filter>
    </ClCompile>
    <ClCompile Include="Wars\ww2plane.c">
      <Filter>Source Files\Wars</Filter>
    </ClCompile>
    <ClCompile Include="Wars\ww2planeb.c">
      <Filter>Source Files\Wars</Filter>
    </ClCompile>
    <ClCompile Include="Wars\ww2ship.c">
      <Filter>Source Files\Wars</Filter>
    </ClCompile>
    <ClCompile Include="Wars\ww2zeppelin.c">
      <Filter>Source Files\Wars</Filter>
    </ClCompile>
    <ClCompile Include="defines.c">
      <Filter>Source Files\common</Filter>
    </ClCompile>
    <ClCompile Include="funcs.c">
      <Filter>Source Files\common</Filter>
    </ClCompile>
    <ClCompile Include="vars.c">
      <Filter>Source Files\common</Filter>
    </ClCompile>
    <ClCompile Include="game.c">
      <Filter>Source Files</Filter>
    </ClCompile>
  </ItemGroup>
  <ItemGroup>
    <None Include="build.bat">
      <Filter>Resource Files</Filter>
    </None>
  </ItemGroup>
  <ItemGroup>
    <ClInclude Include="main.h">
      <Filter>Header Files</Filter>
    </ClInclude>
    <ClInclude Include="game.h">
      <Filter>Header Files</Filter>
    </ClInclude>
    <ClInclude Include="devkit\_sms_manager.h">
      <Filter>Header Files\devkit</Filter>
    </ClInclude>
    <ClInclude Include="devkit\_snd_manager.h">
      <Filter>Header Files\devkit</Filter>
    </ClInclude>
    <ClInclude Include="banks\bank2.h">
      <Filter>Header Files\banks</Filter>
    </ClInclude>
    <ClInclude Include="banks\bank3.h">
      <Filter>Header Files\banks</Filter>
    </ClInclude>
    <ClInclude Include="banks\bank4.h">
      <Filter>Header Files\banks</Filter>
    </ClInclude>
    <ClInclude Include="banks\bank5.h">
      <Filter>Header Files\banks</Filter>
    </ClInclude>
    <ClInclude Include="banks\bank6.h">
      <Filter>Header Files\banks</Filter>
    </ClInclude>
    <ClInclude Include="banks\bank7.h">
      <Filter>Header Files\banks</Filter>
    </ClInclude>
    <ClInclude Include="banks\bank8.h">
      <Filter>Header Files\banks</Filter>
    </ClInclude>
    <ClInclude Include="banks\bank9.h">
      <Filter>Header Files\banks</Filter>
    </ClInclude>
    <ClInclude Include="banks\bank10.h">
      <Filter>Header Files\banks</Filter>
    </ClInclude>
    <ClInclude Include="banks\bank11.h">
      <Filter>Header Files\banks</Filter>
    </ClInclude>
    <ClInclude Include="banks\bank12.h">
      <Filter>Header Files\banks</Filter>
    </ClInclude>
    <ClInclude Include="banks\bank13.h">
      <Filter>Header Files\banks</Filter>
    </ClInclude>
    <ClInclude Include="banks\bank14.h">
      <Filter>Header Files\banks</Filter>
    </ClInclude>
    <ClInclude Include="banks\bank15.h">
      <Filter>Header Files\banks</Filter>
    </ClInclude>
    <ClInclude Include="banks\fixedbank.h">
      <Filter>Header Files\banks</Filter>
    </ClInclude>
    <ClInclude Include="General\mikgamesstage.h">
      <Filter>Header Files\General</Filter>
    </ClInclude>
    <ClInclude Include="Intros\introstage.h">
      <Filter>Header Files\Intros</Filter>
    </ClInclude>
    <ClInclude Include="Enemies\enemy.h">
      <Filter>Header Files\Enemies</Filter>
    </ClInclude>
    <ClInclude Include="Enemies\enemyshoot.h">
      <Filter>Header Files\Enemies</Filter>
    </ClInclude>
    <ClInclude Include="Fortresses\fortresscannon.h">
      <Filter>Header Files\Fortresses</Filter>
    </ClInclude>
    <ClInclude Include="Fortresses\fortressdoor.h">
      <Filter>Header Files\Fortresses</Filter>
    </ClInclude>
    <ClInclude Include="Fortresses\fortressphantom.h">
      <Filter>Header Files\Fortresses</Filter>
    </ClInclude>
    <ClInclude Include="Fortresses\fortresssearcher.h">
      <Filter>Header Files\Fortresses</Filter>
    </ClInclude>
    <ClInclude Include="Fortresses\fortresswave.h">
      <Filter>Header Files\Fortresses</Filter>
    </ClInclude>
    <ClInclude Include="General\barrom.h">
      <Filter>Header Files\General</Filter>
    </ClInclude>
    <ClInclude Include="General\bombship.h">
      <Filter>Header Files\General</Filter>
    </ClInclude>
    <ClInclude Include="General\explosion.h">
      <Filter>Header Files\General</Filter>
    </ClInclude>
    <ClInclude Include="General\finishstage.h">
      <Filter>Header Files\General</Filter>
    </ClInclude>
    <ClInclude Include="General\gameoverstage.h">
      <Filter>Header Files\General</Filter>
    </ClInclude>
    <ClInclude Include="General\jukeboxstage.h">
      <Filter>Header Files\General</Filter>
    </ClInclude>
    <ClInclude Include="General\logostage.h">
      <Filter>Header Files\General</Filter>
    </ClInclude>
    <ClInclude Include="General\map.h">
      <Filter>Header Files\General</Filter>
    </ClInclude>
    <ClInclude Include="General\powerup.h">
      <Filter>Header Files\General</Filter>
    </ClInclude>
    <ClInclude Include="General\rectship.h">
      <Filter>Header Files\General</Filter>
    </ClInclude>
    <ClInclude Include="General\rsgthing.h">
      <Filter>Header Files\General</Filter>
    </ClInclude>
    <ClInclude Include="General\scripter.h">
      <Filter>Header Files\General</Filter>
    </ClInclude>
    <ClInclude Include="General\scroller.h">
      <Filter>Header Files\General</Filter>
    </ClInclude>
    <ClInclude Include="General\selectorstage.h">
      <Filter>Header Files\General</Filter>
    </ClInclude>
    <ClInclude Include="General\skullbone.h">
      <Filter>Header Files\General</Filter>
    </ClInclude>
    <ClInclude Include="General\spreadship.h">
      <Filter>Header Files\General</Filter>
    </ClInclude>
    <ClInclude Include="General\timeredlabel.h">
      <Filter>Header Files\General</Filter>
    </ClInclude>
    <ClInclude Include="General\turnship.h">
      <Filter>Header Files\General</Filter>
    </ClInclude>
    <ClInclude Include="General\warning.h">
      <Filter>Header Files\General</Filter>
    </ClInclude>
    <ClInclude Include="General\waveship.h">
      <Filter>Header Files\General</Filter>
    </ClInclude>
    <ClInclude Include="Intros\intro1stage.h">
      <Filter>Header Files\Intros</Filter>
    </ClInclude>
    <ClInclude Include="Intros\intro2stage.h">
      <Filter>Header Files\Intros</Filter>
    </ClInclude>
    <ClInclude Include="Intros\intro3object.h">
      <Filter>Header Files\Intros</Filter>
    </ClInclude>
    <ClInclude Include="Intros\intro3stage.h">
      <Filter>Header Files\Intros</Filter>
    </ClInclude>
    <ClInclude Include="Intros\intro4stage.h">
      <Filter>Header Files\Intros</Filter>
    </ClInclude>
    <ClInclude Include="Intros\introovni.h">
      <Filter>Header Files\Intros</Filter>
    </ClInclude>
    <ClInclude Include="Intros\introsideplayer.h">
      <Filter>Header Files\Intros</Filter>
    </ClInclude>
    <ClInclude Include="Intros\introstar.h">
      <Filter>Header Files\Intros</Filter>
    </ClInclude>
    <ClInclude Include="Monsters\monsterblob.h">
      <Filter>Header Files\Monsters</Filter>
    </ClInclude>
    <ClInclude Include="Monsters\monsterhead.h">
      <Filter>Header Files\Monsters</Filter>
    </ClInclude>
    <ClInclude Include="Monsters\monstermissil.h">
      <Filter>Header Files\Monsters</Filter>
    </ClInclude>
    <ClInclude Include="Players\player.h">
      <Filter>Header Files\Players</Filter>
    </ClInclude>
    <ClInclude Include="Players\playershoot.h">
      <Filter>Header Files\Players</Filter>
    </ClInclude>
    <ClInclude Include="Players\playstage.h">
      <Filter>Header Files\Players</Filter>
    </ClInclude>
    <ClInclude Include="Spaces\spaceasteroid.h">
      <Filter>Header Files\Spaces</Filter>
    </ClInclude>
    <ClInclude Include="Spaces\spaceshooter.h">
      <Filter>Header Files\Spaces</Filter>
    </ClInclude>
    <ClInclude Include="Spaces\spacestation.h">
      <Filter>Header Files\Spaces</Filter>
    </ClInclude>
    <ClInclude Include="Stages\stage1.h">
      <Filter>Header Files\Stages</Filter>
    </ClInclude>
    <ClInclude Include="Stages\stage1endboss.h">
      <Filter>Header Files\Stages</Filter>
    </ClInclude>
    <ClInclude Include="Stages\stage1middleboss.h">
      <Filter>Header Files\Stages</Filter>
    </ClInclude>
    <ClInclude Include="Stages\stage1middlebossb.h">
      <Filter>Header Files\Stages</Filter>
    </ClInclude>
    <ClInclude Include="Stages\stage1middlebossc.h">
      <Filter>Header Files\Stages</Filter>
    </ClInclude>
    <ClInclude Include="Stages\stage2.h">
      <Filter>Header Files\Stages</Filter>
    </ClInclude>
    <ClInclude Include="Stages\stage2endboss.h">
      <Filter>Header Files\Stages</Filter>
    </ClInclude>
    <ClInclude Include="Stages\stage2object.h">
      <Filter>Header Files\Stages</Filter>
    </ClInclude>
    <ClInclude Include="Stages\stage3.h">
      <Filter>Header Files\Stages</Filter>
    </ClInclude>
    <ClInclude Include="Stages\stage3endboss.h">
      <Filter>Header Files\Stages</Filter>
    </ClInclude>
    <ClInclude Include="Stages\stage3laser.h">
      <Filter>Header Files\Stages</Filter>
    </ClInclude>
    <ClInclude Include="Stages\stage3star.h">
      <Filter>Header Files\Stages</Filter>
    </ClInclude>
    <ClInclude Include="Stages\stage4.h">
      <Filter>Header Files\Stages</Filter>
    </ClInclude>
    <ClInclude Include="Stages\stage4endboss.h">
      <Filter>Header Files\Stages</Filter>
    </ClInclude>
    <ClInclude Include="Stages\stage4endbossb.h">
      <Filter>Header Files\Stages</Filter>
    </ClInclude>
    <ClInclude Include="Stages\stage4middleboss.h">
      <Filter>Header Files\Stages</Filter>
    </ClInclude>
    <ClInclude Include="Stages\stage4object.h">
      <Filter>Header Files\Stages</Filter>
    </ClInclude>
    <ClInclude Include="Stages\stage5.h">
      <Filter>Header Files\Stages</Filter>
    </ClInclude>
    <ClInclude Include="Stages\stage5endboss.h">
      <Filter>Header Files\Stages</Filter>
    </ClInclude>
    <ClInclude Include="Stages\stage5missile.h">
      <Filter>Header Files\Stages</Filter>
    </ClInclude>
    <ClInclude Include="Stages\stage6.h">
      <Filter>Header Files\Stages</Filter>
    </ClInclude>
    <ClInclude Include="Stages\stage6endboss.h">
      <Filter>Header Files\Stages</Filter>
    </ClInclude>
    <ClInclude Include="Stages\stage6endbossb.h">
      <Filter>Header Files\Stages</Filter>
    </ClInclude>
    <ClInclude Include="Stages\stage6object.h">
      <Filter>Header Files\Stages</Filter>
    </ClInclude>
    <ClInclude Include="Stages\stage7.h">
      <Filter>Header Files\Stages</Filter>
    </ClInclude>
    <ClInclude Include="Stages\stage7endboss.h">
      <Filter>Header Files\Stages</Filter>
    </ClInclude>
    <ClInclude Include="Stages\stage7middleboss.h">
      <Filter>Header Files\Stages</Filter>
    </ClInclude>
    <ClInclude Include="Stages\stage7object.h">
      <Filter>Header Files\Stages</Filter>
    </ClInclude>
    <ClInclude Include="Stages\stage8.h">
      <Filter>Header Files\Stages</Filter>
    </ClInclude>
    <ClInclude Include="Stages\stage8bossa.h">
      <Filter>Header Files\Stages</Filter>
    </ClInclude>
    <ClInclude Include="Stages\stage8bossb.h">
      <Filter>Header Files\Stages</Filter>
    </ClInclude>
    <ClInclude Include="Stages\stage8bossc.h">
      <Filter>Header Files\Stages</Filter>
    </ClInclude>
    <ClInclude Include="Stages\stage8lateral.h">
      <Filter>Header Files\Stages</Filter>
    </ClInclude>
    <ClInclude Include="Vulcans\vulcanbird.h">
      <Filter>Header Files\Vulcans</Filter>
    </ClInclude>
    <ClInclude Include="Vulcans\vulcanlaser.h">
      <Filter>Header Files\Vulcans</Filter>
    </ClInclude>
    <ClInclude Include="Vulcans\vulcanlava.h">
      <Filter>Header Files\Vulcans</Filter>
    </ClInclude>
    <ClInclude Include="Vulcans\vulcanstation.h">
      <Filter>Header Files\Vulcans</Filter>
    </ClInclude>
    <ClInclude Include="Vulcans\vulcantank.h">
      <Filter>Header Files\Vulcans</Filter>
    </ClInclude>
    <ClInclude Include="Vulcans\vulcanvulcan.h">
      <Filter>Header Files\Vulcans</Filter>
    </ClInclude>
    <ClInclude Include="Wars\ww2plane.h">
      <Filter>Header Files\Wars</Filter>
    </ClInclude>
    <ClInclude Include="Wars\ww2planeb.h">
      <Filter>Header Files\Wars</Filter>
    </ClInclude>
    <ClInclude Include="Wars\ww2ship.h">
      <Filter>Header Files\Wars</Filter>
    </ClInclude>
    <ClInclude Include="Wars\ww2zeppelin.h">
      <Filter>Header Files\Wars</Filter>
    </ClInclude>
    <ClInclude Include="defines.h">
      <Filter>Header Files\common</Filter>
    </ClInclude>
    <ClInclude Include="funcs.h">
      <Filter>Header Files\common</Filter>
    </ClInclude>
    <ClInclude Include="vars.h">
      <Filter>Header Files\common</Filter>
    </ClInclude>
  </ItemGroup>
</Project>